
Microsoft Visual Studio Solution File, Format Version 12.00
# Visual Studio Version 16
VisualStudioVersion = 16.0.33529.622
MinimumVisualStudioVersion = 10.0.40219.1
Project("{9A19103F-16F7-4668-BE54-9A1E7A4F7556}") = "CotLAutoGraphicsSettings", "CotLAutoGraphicsSettings.csproj", "{A65804E0-144B-491F-AD36-959EBCE352EC}"
EndProject
Global
	GlobalSection(SolutionConfigurationPlatforms) = preSolution
		Debug|Any CPU = Debug|Any CPU
		Release|Any CPU = Release|Any CPU
	EndGlobalSection
	GlobalSection(ProjectConfigurationPlatforms) = postSolution
		{A65804E0-144B-491F-AD36-959EBCE352EC}.Debug|Any CPU.ActiveCfg = Debug|Any CPU
		{A65804E0-144B-491F-AD36-959EBCE352EC}.Debug|Any CPU.Build.0 = Debug|Any CPU
		{A65804E0-144B-491F-AD36-959EBCE352EC}.Release|Any CPU.ActiveCfg = Release|Any CPU
		{A65804E0-144B-491F-AD36-959EBCE352EC}.Release|Any CPU.Build.0 = Release|Any CPU
	EndGlobalSection
	GlobalSection(SolutionProperties) = preSolution
		HideSolutionNode = FALSE
	EndGlobalSection
	GlobalSection(ExtensibilityGlobals) = postSolution
		SolutionGuid = {5B2B3098-224B-48BE-B4BC-4B62A54B1905}
	EndGlobalSection
EndGlobal
